
Microsoft Visual Studio Solution File, Format Version 12.00
# Visual Studio 15
VisualStudioVersion = 15.0.28307.168
MinimumVisualStudioVersion = 10.0.40219.1
Project("{FAE04EC0-301F-11D3-BF4B-00C04F79EFBC}") = "TestFramework", "TestFramework\TestFramework.csproj", "{280C5368-FBEC-4897-A4C4-9CAE29843668}"
EndProject
Project("{FAE04EC0-301F-11D3-BF4B-00C04F79EFBC}") = "SampleTests", "SampleTests\SampleTests.csproj", "{97A81644-7CD9-4F71-A87F-CF751110545F}"
EndProject
Project("{FAE04EC0-301F-11D3-BF4B-00C04F79EFBC}") = "TestManager", "TestManager\TestManager.csproj", "{065A0BFA-2C7D-45CB-A8DF-FE71E7FFB85B}"
EndProject
Global
	GlobalSection(SolutionConfigurationPlatforms) = preSolution
		Debug|Any CPU = Debug|Any CPU
		Release|Any CPU = Release|Any CPU
	EndGlobalSection
	GlobalSection(ProjectConfigurationPlatforms) = postSolution
		{280C5368-FBEC-4897-A4C4-9CAE29843668}.Debug|Any CPU.ActiveCfg = Debug|Any CPU
		{280C5368-FBEC-4897-A4C4-9CAE29843668}.Debug|Any CPU.Build.0 = Debug|Any CPU
		{280C5368-FBEC-4897-A4C4-9CAE29843668}.Release|Any CPU.ActiveCfg = Release|Any CPU
		{280C5368-FBEC-4897-A4C4-9CAE29843668}.Release|Any CPU.Build.0 = Release|Any CPU
		{97A81644-7CD9-4F71-A87F-CF751110545F}.Debug|Any CPU.ActiveCfg = Debug|Any CPU
		{97A81644-7CD9-4F71-A87F-CF751110545F}.Debug|Any CPU.Build.0 = Debug|Any CPU
		{97A81644-7CD9-4F71-A87F-CF751110545F}.Release|Any CPU.ActiveCfg = Release|Any CPU
		{97A81644-7CD9-4F71-A87F-CF751110545F}.Release|Any CPU.Build.0 = Release|Any CPU
		{065A0BFA-2C7D-45CB-A8DF-FE71E7FFB85B}.Debug|Any CPU.ActiveCfg = Debug|Any CPU
		{065A0BFA-2C7D-45CB-A8DF-FE71E7FFB85B}.Debug|Any CPU.Build.0 = Debug|Any CPU
		{065A0BFA-2C7D-45CB-A8DF-FE71E7FFB85B}.Release|Any CPU.ActiveCfg = Release|Any CPU
		{065A0BFA-2C7D-45CB-A8DF-FE71E7FFB85B}.Release|Any CPU.Build.0 = Release|Any CPU
	EndGlobalSection
	GlobalSection(SolutionProperties) = preSolution
		HideSolutionNode = FALSE
	EndGlobalSection
	GlobalSection(ExtensibilityGlobals) = postSolution
		SolutionGuid = {247EFEC2-0413-4E56-9CE9-E0555941E83F}
	EndGlobalSection
EndGlobal
